
Microsoft Visual Studio Solution File, Format Version 12.00
# Visual Studio 15
VisualStudioVersion = 15.0.28010.2016
MinimumVisualStudioVersion = 10.0.40219.1
Project("{FAE04EC0-301F-11D3-BF4B-00C04F79EFBC}") = "DigitalRaffleApp", "WindowsFormsApp1\DigitalRaffleApp.csproj", "{BD8129AA-337B-4ABE-AB95-0880DBB5ABAD}"
EndProject
Global
	GlobalSection(SolutionConfigurationPlatforms) = preSolution
		Debug|Any CPU = Debug|Any CPU
		Release|Any CPU = Release|Any CPU
	EndGlobalSection
	GlobalSection(ProjectConfigurationPlatforms) = postSolution
		{BD8129AA-337B-4ABE-AB95-0880DBB5ABAD}.Debug|Any CPU.ActiveCfg = Debug|Any CPU
		{BD8129AA-337B-4ABE-AB95-0880DBB5ABAD}.Debug|Any CPU.Build.0 = Debug|Any CPU
		{BD8129AA-337B-4ABE-AB95-0880DBB5ABAD}.Release|Any CPU.ActiveCfg = Release|Any CPU
		{BD8129AA-337B-4ABE-AB95-0880DBB5ABAD}.Release|Any CPU.Build.0 = Release|Any CPU
	EndGlobalSection
	GlobalSection(SolutionProperties) = preSolution
		HideSolutionNode = FALSE
	EndGlobalSection
	GlobalSection(ExtensibilityGlobals) = postSolution
		SolutionGuid = {920317E4-EC95-4349-A2EC-E4D48F7FC592}
	EndGlobalSection
EndGlobal
